<?xml version="1.0" encoding="utf-8"?>
<Project ToolsVersion="4.0" xmlns="http://schemas.microsoft.com/developer/msbuild/2003">
  <ItemGroup>
    <Filter Include="Header Files">
      <UniqueIdentifier>{93995380-89BD-4b04-88EB-625FBE52EBFB}</UniqueIdentifier>
      <Extensions>h;hh;hpp;hxx;hm;inl;inc;xsd</Extensions>
    </Filter>
    <Filter Include="UI">
      <UniqueIdentifier>{38187d05-f193-4964-b546-b94afc2053ba}</UniqueIdentifier>
    </Filter>
    <Filter Include="System">
      <UniqueIdentifier>{fd8a5dd7-dd04-4511-8bf6-aff3e92b2c4d}</UniqueIdentifier>
    </Filter>
    <Filter Include="Scene">
      <UniqueIdentifier>{d7b61bb3-2fe3-4362-8c68-b5355d748a3f}</UniqueIdentifier>
    </Filter>
    <Filter Include="Render">
      <UniqueIdentifier>{5ef6ecb3-ddfb-49dd-8a39-b13d6e508cc5}</UniqueIdentifier>
    </Filter>
    <Filter Include="Source Files">
      <UniqueIdentifier>{4FC737F1-C7A5-4376-A066-2A32D752A2FF}</UniqueIdentifier>
      <Extensions>cpp;c;cc;cxx;def;odl;idl;hpj;bat;asm;asmx</Extensions>
    </Filter>
    <Filter Include="Resource Files">
      <UniqueIdentifier>{67DA6AB6-F800-4c08-8B7A-83BB121AAD01}</UniqueIdentifier>
      <Extensions>rc;ico;cur;bmp;dlg;rc2;rct;bin;rgs;gif;jpg;jpeg;jpe;resx;tiff;tif;png;wav;mfcribbon-ms</Extensions>
    </Filter>
    <Filter Include="Time">
      <UniqueIdentifier>{70181d20-582f-4b78-9d3b-ad7ce43245b6}</UniqueIdentifier>
    </Filter>
    <Filter Include="Input">
      <UniqueIdentifier>{7ccc8395-aaca-4452-ab1a-8115ee24db97}</UniqueIdentifier>
    </Filter>
    <Filter Include="Resource Files\Shaders">
      <UniqueIdentifier>{d4675c60-8d43-4e21-803d-c2bd0d90b486}</UniqueIdentifier>
    </Filter>
    <Filter Include="Resource Files\Libraries">
      <UniqueIdentifier>{6d8b2786-b9a3-486f-bf83-b7be65d6c501}</UniqueIdentifier>
    </Filter>
    <Filter Include="Physics">
      <UniqueIdentifier>{56cb0251-4662-4998-81a0-cb07eda0f311}</UniqueIdentifier>
    </Filter>
  </ItemGroup>
  <ItemGroup>
    <ClCompile Include="src\main.cpp">
      <Filter>Source Files</Filter>
    </ClCompile>
    <ClCompile Include="src\render\RenderEngine.cpp">
      <Filter>Render</Filter>
    </ClCompile>
    <ClCompile Include="src\ui\Window.cpp">
      <Filter>UI</Filter>
    </ClCompile>
    <ClCompile Include="src\render\ShaderManager.cpp">
      <Filter>Render</Filter>
    </ClCompile>
    <ClCompile Include="src\render\ShaderProgram.cpp">
      <Filter>Render</Filter>
    </ClCompile>
    <ClCompile Include="src\system\Utils.cpp">
      <Filter>System</Filter>
    </ClCompile>
    <ClCompile Include="src\scene\Camera.cpp">
      <Filter>Scene</Filter>
    </ClCompile>
    <ClCompile Include="src\scene\Component.cpp">
      <Filter>Scene</Filter>
    </ClCompile>
    <ClCompile Include="src\scene\Mesh.cpp">
      <Filter>Scene</Filter>
    </ClCompile>
    <ClCompile Include="src\time\TimeManager.cpp">
      <Filter>Time</Filter>
    </ClCompile>
    <ClCompile Include="src\input\InputManager.cpp">
      <Filter>Input</Filter>
    </ClCompile>
    <ClCompile Include="src\scene\SceneManager.cpp">
      <Filter>Scene</Filter>
    </ClCompile>
    <ClCompile Include="src\scene\WaterFBO.cpp">
      <Filter>Scene</Filter>
    </ClCompile>
    <ClCompile Include="src\scene\Water.cpp">
      <Filter>Scene</Filter>
    </ClCompile>
    <ClCompile Include="src\scene\Buffer.cpp">
      <Filter>Scene</Filter>
    </ClCompile>
    <ClCompile Include="src\scene\HUD.cpp">
      <Filter>Scene</Filter>
    </ClCompile>
    <ClCompile Include="src\scene\Texture.cpp">
      <Filter>Scene</Filter>
    </ClCompile>
    <ClCompile Include="src\scene\FrameBuffer.cpp">
      <Filter>Scene</Filter>
    </ClCompile>
    <ClCompile Include="src\scene\Model.cpp">
      <Filter>Scene</Filter>
    </ClCompile>
    <ClCompile Include="src\ui\WindowFrame.cpp">
      <Filter>UI</Filter>
    </ClCompile>
    <ClCompile Include="src\scene\Skybox.cpp">
      <Filter>Scene</Filter>
    </ClCompile>
    <ClCompile Include="src\scene\Terrain.cpp">
      <Filter>Scene</Filter>
    </ClCompile>
    <ClCompile Include="src\system\Noise.cpp">
      <Filter>System</Filter>
    </ClCompile>
    <ClCompile Include="src\physics\PhysicsEngine.cpp">
      <Filter>Physics</Filter>
    </ClCompile>
    <ClCompile Include="src\physics\RayCast.cpp">
      <Filter>Physics</Filter>
    </ClCompile>
    <ClCompile Include="src\scene\BoundingVolume.cpp">
      <Filter>Scene</Filter>
    </ClCompile>
    <ClCompile Include="src\render\DXContext.cpp">
      <Filter>Render</Filter>
    </ClCompile>
    <ClCompile Include="src\render\VKContext.cpp">
      <Filter>Render</Filter>
    </ClCompile>
    <ClCompile Include="3rd\json11-1.0.0\json11.cpp">
      <Filter>Resource Files\Libraries</Filter>
    </ClCompile>
    <ClCompile Include="src\scene\Light.cpp">
      <Filter>Scene</Filter>
    </ClCompile>
    <ClCompile Include="src\scene\Material.cpp">
      <Filter>Scene</Filter>
    </ClCompile>
    <ClCompile Include="src\scene\LightSource.cpp">
      <Filter>Scene</Filter>
    </ClCompile>
  </ItemGroup>
  <ItemGroup>
    <ClInclude Include="src\globals.h">
      <Filter>Header Files</Filter>
    </ClInclude>
    <ClInclude Include="src\render\RenderEngine.h">
      <Filter>Render</Filter>
    </ClInclude>
    <ClInclude Include="src\ui\Window.h">
      <Filter>UI</Filter>
    </ClInclude>
    <ClInclude Include="src\render\ShaderManager.h">
      <Filter>Render</Filter>
    </ClInclude>
    <ClInclude Include="src\render\ShaderProgram.h">
      <Filter>Render</Filter>
    </ClInclude>
    <ClInclude Include="src\system\Utils.h">
      <Filter>System</Filter>
    </ClInclude>
    <ClInclude Include="src\scene\Camera.h">
      <Filter>Scene</Filter>
    </ClInclude>
    <ClInclude Include="src\scene\Component.h">
      <Filter>Scene</Filter>
    </ClInclude>
    <ClInclude Include="src\scene\Mesh.h">
      <Filter>Scene</Filter>
    </ClInclude>
    <ClInclude Include="src\time\TimeManager.h">
      <Filter>Time</Filter>
    </ClInclude>
    <ClInclude Include="src\input\InputManager.h">
      <Filter>Input</Filter>
    </ClInclude>
    <ClInclude Include="src\scene\SceneManager.h">
      <Filter>Scene</Filter>
    </ClInclude>
    <ClInclude Include="src\scene\WaterFBO.h">
      <Filter>Scene</Filter>
    </ClInclude>
    <ClInclude Include="src\scene\Water.h">
      <Filter>Scene</Filter>
    </ClInclude>
    <ClInclude Include="src\scene\Buffer.h">
      <Filter>Scene</Filter>
    </ClInclude>
    <ClInclude Include="src\scene\HUD.h">
      <Filter>Scene</Filter>
    </ClInclude>
    <ClInclude Include="src\scene\Texture.h">
      <Filter>Scene</Filter>
    </ClInclude>
    <ClInclude Include="src\scene\FrameBuffer.h">
      <Filter>Scene</Filter>
    </ClInclude>
    <ClInclude Include="src\scene\Model.h">
      <Filter>Scene</Filter>
    </ClInclude>
    <ClInclude Include="src\ui\WindowFrame.h">
      <Filter>UI</Filter>
    </ClInclude>
    <ClInclude Include="src\scene\Skybox.h">
      <Filter>Scene</Filter>
    </ClInclude>
    <ClInclude Include="src\scene\Terrain.h">
      <Filter>Scene</Filter>
    </ClInclude>
    <ClInclude Include="src\system\Noise.h">
      <Filter>System</Filter>
    </ClInclude>
    <ClInclude Include="src\physics\PhysicsEngine.h">
      <Filter>Physics</Filter>
    </ClInclude>
    <ClInclude Include="src\physics\RayCast.h">
      <Filter>Physics</Filter>
    </ClInclude>
    <ClInclude Include="src\scene\BoundingVolume.h">
      <Filter>Scene</Filter>
    </ClInclude>
    <ClInclude Include="src\render\DXContext.h">
      <Filter>Render</Filter>
    </ClInclude>
    <ClInclude Include="src\render\VKContext.h">
      <Filter>Render</Filter>
    </ClInclude>
    <ClInclude Include="3rd\json11-1.0.0\json11.hpp">
      <Filter>Resource Files\Libraries</Filter>
    </ClInclude>
    <ClInclude Include="src\scene\Light.h">
      <Filter>Scene</Filter>
    </ClInclude>
    <ClInclude Include="src\scene\Material.h">
      <Filter>Scene</Filter>
    </ClInclude>
    <ClInclude Include="src\scene\LightSource.h">
      <Filter>Scene</Filter>
    </ClInclude>
  </ItemGroup>
  <ItemGroup>
    <None Include="resources\shaders\default.fs.glsl">
      <Filter>Resource Files\Shaders</Filter>
    </None>
    <None Include="resources\shaders\default.vs.glsl">
      <Filter>Resource Files\Shaders</Filter>
    </None>
    <None Include="resources\shaders\hud.fs.glsl">
      <Filter>Resource Files\Shaders</Filter>
    </None>
    <None Include="resources\shaders\hud.vs.glsl">
      <Filter>Resource Files\Shaders</Filter>
    </None>
    <None Include="resources\shaders\skybox.fs.glsl">
      <Filter>Resource Files\Shaders</Filter>
    </None>
    <None Include="resources\shaders\skybox.vs.glsl">
      <Filter>Resource Files\Shaders</Filter>
    </None>
    <None Include="resources\shaders\color.vs.glsl">
      <Filter>Resource Files\Shaders</Filter>
    </None>
    <None Include="resources\shaders\color.fs.glsl">
      <Filter>Resource Files\Shaders</Filter>
    </None>
    <None Include="resources\shaders\depth.vs.glsl">
      <Filter>Resource Files\Shaders</Filter>
    </None>
    <None Include="resources\shaders\depth.fs.glsl">
      <Filter>Resource Files\Shaders</Filter>
    </None>
    <None Include="resources\shaders\depth.omni.vs.glsl">
      <Filter>Resource Files\Shaders</Filter>
    </None>
    <None Include="resources\shaders\depth.omni.fs.glsl">
      <Filter>Resource Files\Shaders</Filter>
    </None>
    <None Include="resources\shaders\depth.omni.gs.glsl">
      <Filter>Resource Files\Shaders</Filter>
    </None>
  </ItemGroup>
  <ItemGroup>
    <FxCompile Include="resources\shaders\default.hlsl">
      <Filter>Resource Files\Shaders</Filter>
    </FxCompile>
    <FxCompile Include="resources\shaders\skybox.hlsl">
      <Filter>Resource Files\Shaders</Filter>
    </FxCompile>
    <FxCompile Include="resources\shaders\hud.hlsl">
      <Filter>Resource Files\Shaders</Filter>
    </FxCompile>
    <FxCompile Include="resources\shaders\color.hlsl">
      <Filter>Resource Files\Shaders</Filter>
    </FxCompile>
    <FxCompile Include="resources\shaders\depth.hlsl">
      <Filter>Resource Files\Shaders</Filter>
    </FxCompile>
    <FxCompile Include="resources\shaders\depth.omni.hlsl">
      <Filter>Resource Files\Shaders</Filter>
    </FxCompile>
  </ItemGroup>
  <ItemGroup>
    <ResourceCompile Include="Simple3DEngine.rc">
      <Filter>Resource Files</Filter>
    </ResourceCompile>
  </ItemGroup>
</Project>